
Microsoft Visual Studio Solution File, Format Version 12.00
# Visual Studio Version 16
VisualStudioVersion = 16.0.29025.244
MinimumVisualStudioVersion = 10.0.40219.1
Project("{9A19103F-16F7-4668-BE54-9A1E7A4F7556}") = "DG.MarsRover", "src\DG.MarsRover\DG.MarsRover.csproj", "{714105C3-C143-48A3-8AAB-1A000223156D}"
EndProject
Project("{FAE04EC0-301F-11D3-BF4B-00C04F79EFBC}") = "DG.MarsRover.Tests", "tests\DG.MarsRover.Tests\DG.MarsRover.Tests.csproj", "{AD9849DD-66A8-42E7-9845-EA94AAD9B461}"
EndProject
Global
	GlobalSection(SolutionConfigurationPlatforms) = preSolution
		Debug|Any CPU = Debug|Any CPU
		Release|Any CPU = Release|Any CPU
	EndGlobalSection
	GlobalSection(ProjectConfigurationPlatforms) = postSolution
		{714105C3-C143-48A3-8AAB-1A000223156D}.Debug|Any CPU.ActiveCfg = Debug|Any CPU
		{714105C3-C143-48A3-8AAB-1A000223156D}.Debug|Any CPU.Build.0 = Debug|Any CPU
		{714105C3-C143-48A3-8AAB-1A000223156D}.Release|Any CPU.ActiveCfg = Release|Any CPU
		{714105C3-C143-48A3-8AAB-1A000223156D}.Release|Any CPU.Build.0 = Release|Any CPU
		{AD9849DD-66A8-42E7-9845-EA94AAD9B461}.Debug|Any CPU.ActiveCfg = Debug|Any CPU
		{AD9849DD-66A8-42E7-9845-EA94AAD9B461}.Debug|Any CPU.Build.0 = Debug|Any CPU
		{AD9849DD-66A8-42E7-9845-EA94AAD9B461}.Release|Any CPU.ActiveCfg = Release|Any CPU
		{AD9849DD-66A8-42E7-9845-EA94AAD9B461}.Release|Any CPU.Build.0 = Release|Any CPU
	EndGlobalSection
	GlobalSection(SolutionProperties) = preSolution
		HideSolutionNode = FALSE
	EndGlobalSection
	GlobalSection(ExtensibilityGlobals) = postSolution
		SolutionGuid = {2874C8F8-46DB-45A3-9ECF-630ABF3777B8}
	EndGlobalSection
EndGlobal
